<?xml version="1.0" encoding="UTF-8"?>
<Scheme
   LastUpgradeVersion = "1320"
   version = "1.3">
   <BuildAction
      parallelizeBuildables = "YES"
      buildImplicitDependencies = "YES">
      <BuildActionEntries>
         <BuildActionEntry
            buildForTesting = "YES"
            buildForRunning = "YES"
            buildForProfiling = "YES"
            buildForArchiving = "YES"
            buildForAnalyzing = "YES">
            <BuildableReference
               BuildableIdentifier = "primary"
               BlueprintIdentifier = "8ECE108B26403E2C006B1E4D"
               BuildableName = "SwiftUIMoviesiOS.app"
               BlueprintName = "SwiftUIMoviesiOS"
               ReferencedContainer = "container:SwiftUIMovies.xcodeproj">
            </BuildableReference>
         </BuildActionEntry>
         <BuildActionEntry
            buildForTesting = "YES"
            buildForRunning = "YES"
            buildForProfiling = "YES"
            buildForArchiving = "YES"
            buildForAnalyzing = "YES">
            <BuildableReference
               BuildableIdentifier = "primary"
               BlueprintIdentifier = "8E08E690267245C4003B9EBA"
               BuildableName = "SwiftUIMoviesAPIEndToEndTests.xctest"
               BlueprintName = "SwiftUIMoviesAPIEndToEndTests"
               ReferencedContainer = "container:SwiftUIMovies.xcodeproj">
            </BuildableReference>
         </BuildActionEntry>
         <BuildActionEntry
            buildForTesting = "YES"
            buildForRunning = "YES"
            buildForProfiling = "YES"
            buildForArchiving = "YES"
            buildForAnalyzing = "YES">
            <BuildableReference
               BuildableIdentifier = "primary"
               BlueprintIdentifier = "8ECE109C26403E2E006B1E4D"
               BuildableName = "SwiftUIMoviesTests.xctest"
               BlueprintName = "SwiftUIMoviesTests"
               ReferencedContainer = "container:SwiftUIMovies.xcodeproj">
            </BuildableReference>
         </BuildActionEntry>
      </BuildActionEntries>
   </BuildAction>
   <TestAction
      buildConfiguration = "Debug"
      selectedDebuggerIdentifier = "Xcode.DebuggerFoundation.Debugger.LLDB"
      selectedLauncherIdentifier = "Xcode.DebuggerFoundation.Launcher.LLDB"
      shouldUseLaunchSchemeArgsEnv = "YES"
      enableThreadSanitizer = "YES"
      codeCoverageEnabled = "YES"
      onlyGenerateCoverageForSpecifiedTargets = "YES">
      <CodeCoverageTargets>
         <BuildableReference
            BuildableIdentifier = "primary"
            BlueprintIdentifier = "8ECE108B26403E2C006B1E4D"
            BuildableName = "SwiftUIMoviesiOS.app"
            BlueprintName = "SwiftUIMoviesiOS"
            ReferencedContainer = "container:SwiftUIMovies.xcodeproj">
         </BuildableReference>
      </CodeCoverageTargets>
      <Testables>
         <TestableReference
            skipped = "NO"
            testExecutionOrdering = "random">
            <BuildableReference
               BuildableIdentifier = "primary"
               BlueprintIdentifier = "8E08E690267245C4003B9EBA"
               BuildableName = "SwiftUIMoviesAPIEndToEndTests.xctest"
               BlueprintName = "SwiftUIMoviesAPIEndToEndTests"
               ReferencedContainer = "container:SwiftUIMovies.xcodeproj">
            </BuildableReference>
         </TestableReference>
         <TestableReference
            skipped = "NO"
            testExecutionOrdering = "random">
            <BuildableReference
               BuildableIdentifier = "primary"
               BlueprintIdentifier = "8ECE109C26403E2E006B1E4D"
               BuildableName = "SwiftUIMoviesTests.xctest"
               BlueprintName = "SwiftUIMoviesTests"
               ReferencedContainer = "container:SwiftUIMovies.xcodeproj">
            </BuildableReference>
         </TestableReference>
         <TestableReference
            skipped = "NO"
            testExecutionOrdering = "random">
            <BuildableReference
               BuildableIdentifier = "primary"
               BlueprintIdentifier = "8E287E9F26C175AD00003ADF"
               BuildableName = "SwiftUIMoviesCacheIntegrationTests.xctest"
               BlueprintName = "SwiftUIMoviesCacheIntegrationTests"
               ReferencedContainer = "container:SwiftUIMovies.xcodeproj">
            </BuildableReference>
         </TestableReference>
      </Testables>
   </TestAction>
   <LaunchAction
      buildConfiguration = "Debug"
      selectedDebuggerIdentifier = "Xcode.DebuggerFoundation.Debugger.LLDB"
      selectedLauncherIdentifier = "Xcode.DebuggerFoundation.Launcher.LLDB"
      enableThreadSanitizer = "YES"
      launchStyle = "0"
      useCustomWorkingDirectory = "NO"
      ignoresPersistentStateOnLaunch = "NO"
      debugDocumentVersioning = "YES"
      debugServiceExtension = "internal"
      allowLocationSimulation = "YES">
   </LaunchAction>
   <ProfileAction
      buildConfiguration = "Release"
      shouldUseLaunchSchemeArgsEnv = "YES"
      savedToolIdentifier = ""
      useCustomWorkingDirectory = "NO"
      debugDocumentVersioning = "YES">
      <MacroExpansion>
         <BuildableReference
            BuildableIdentifier = "primary"
            BlueprintIdentifier = "8ECE108B26403E2C006B1E4D"
            BuildableName = "SwiftUIMoviesiOS.app"
            BlueprintName = "SwiftUIMoviesiOS"
            ReferencedContainer = "container:SwiftUIMovies.xcodeproj">
         </BuildableReference>
      </MacroExpansion>
   </ProfileAction>
   <AnalyzeAction
      buildConfiguration = "Debug">
   </AnalyzeAction>
   <ArchiveAction
      buildConfiguration = "Release"
      revealArchiveInOrganizer = "YES">
   </ArchiveAction>
</Scheme>
